
Microsoft Visual Studio Solution File, Format Version 12.00
# Visual Studio Version 16
VisualStudioVersion = 16.0.30114.105
MinimumVisualStudioVersion = 10.0.40219.1
Project("{FAE04EC0-301F-11D3-BF4B-00C04F79EFBC}") = "BinaryBank", "BinaryBank\BinaryBank.csproj", "{BFC589CB-232A-464E-9642-6E5DA2E61725}"
EndProject
Project("{FAE04EC0-301F-11D3-BF4B-00C04F79EFBC}") = "BinaryShop", "BinaryShop\BinaryShop.csproj", "{2E610D35-AD15-49F2-9207-82F28638FF00}"
EndProject
Global
	GlobalSection(SolutionConfigurationPlatforms) = preSolution
		Debug|Any CPU = Debug|Any CPU
		Release|Any CPU = Release|Any CPU
	EndGlobalSection
	GlobalSection(ProjectConfigurationPlatforms) = postSolution
		{BFC589CB-232A-464E-9642-6E5DA2E61725}.Debug|Any CPU.ActiveCfg = Debug|Any CPU
		{BFC589CB-232A-464E-9642-6E5DA2E61725}.Debug|Any CPU.Build.0 = Debug|Any CPU
		{BFC589CB-232A-464E-9642-6E5DA2E61725}.Release|Any CPU.ActiveCfg = Release|Any CPU
		{BFC589CB-232A-464E-9642-6E5DA2E61725}.Release|Any CPU.Build.0 = Release|Any CPU
		{2E610D35-AD15-49F2-9207-82F28638FF00}.Debug|Any CPU.ActiveCfg = Debug|Any CPU
		{2E610D35-AD15-49F2-9207-82F28638FF00}.Debug|Any CPU.Build.0 = Debug|Any CPU
		{2E610D35-AD15-49F2-9207-82F28638FF00}.Release|Any CPU.ActiveCfg = Release|Any CPU
		{2E610D35-AD15-49F2-9207-82F28638FF00}.Release|Any CPU.Build.0 = Release|Any CPU
	EndGlobalSection
	GlobalSection(SolutionProperties) = preSolution
		HideSolutionNode = FALSE
	EndGlobalSection
	GlobalSection(ExtensibilityGlobals) = postSolution
		SolutionGuid = {AC4736B5-E237-488E-97FF-DEF4CA2F001B}
	EndGlobalSection
EndGlobal
